
Microsoft Visual Studio Solution File, Format Version 12.00
# Visual Studio Version 16
VisualStudioVersion = 16.0.31729.503
MinimumVisualStudioVersion = 10.0.40219.1
Project("{9A19103F-16F7-4668-BE54-9A1E7A4F7556}") = "ClubesFutebol", "ClubesFutebol.csproj", "{B1D6FBBA-76BF-4EA2-AF80-580561DF5C02}"
EndProject
Global
	GlobalSection(SolutionConfigurationPlatforms) = preSolution
		Debug|Any CPU = Debug|Any CPU
		Release|Any CPU = Release|Any CPU
	EndGlobalSection
	GlobalSection(ProjectConfigurationPlatforms) = postSolution
		{B1D6FBBA-76BF-4EA2-AF80-580561DF5C02}.Debug|Any CPU.ActiveCfg = Debug|Any CPU
		{B1D6FBBA-76BF-4EA2-AF80-580561DF5C02}.Debug|Any CPU.Build.0 = Debug|Any CPU
		{B1D6FBBA-76BF-4EA2-AF80-580561DF5C02}.Release|Any CPU.ActiveCfg = Release|Any CPU
		{B1D6FBBA-76BF-4EA2-AF80-580561DF5C02}.Release|Any CPU.Build.0 = Release|Any CPU
	EndGlobalSection
	GlobalSection(SolutionProperties) = preSolution
		HideSolutionNode = FALSE
	EndGlobalSection
	GlobalSection(ExtensibilityGlobals) = postSolution
		SolutionGuid = {C3B33621-73C9-4263-BE16-530A0B7D1D7E}
	EndGlobalSection
EndGlobal
